
Microsoft Visual Studio Solution File, Format Version 12.00
# Visual Studio 15
VisualStudioVersion = 15.0.28307.271
MinimumVisualStudioVersion = 10.0.40219.1
Project("{2150E333-8FDC-42A3-9474-1A3956D46DE8}") = "src", "src", "{71617D85-2C79-480A-BD31-643CFE90E305}"
EndProject
Project("{2150E333-8FDC-42A3-9474-1A3956D46DE8}") = "test", "test", "{304B4E9F-4795-43AF-848E-4045F4113276}"
EndProject
Project("{9A19103F-16F7-4668-BE54-9A1E7A4F7556}") = "RestTemplate", "src\RestTemplate.Net\RestTemplate\RestTemplate.csproj", "{1C4496C4-61E5-47B2-A552-B4FD6E17F9F4}"
EndProject
Project("{9A19103F-16F7-4668-BE54-9A1E7A4F7556}") = "RestTemplateUnitTest", "test\RestTemplateUnitTest\RestTemplateUnitTest.csproj", "{02646F50-9306-4B0D-84E5-7B782027AFCA}"
EndProject
Project("{9A19103F-16F7-4668-BE54-9A1E7A4F7556}") = "RestTemplateIntegrationTest", "test\RestTemplateIntegrationTest\RestTemplateIntegrationTest.csproj", "{5461C969-C620-43BC-A6D9-6106A6804B1D}"
EndProject
Global
	GlobalSection(SolutionConfigurationPlatforms) = preSolution
		Debug|Any CPU = Debug|Any CPU
		Release|Any CPU = Release|Any CPU
	EndGlobalSection
	GlobalSection(ProjectConfigurationPlatforms) = postSolution
		{1C4496C4-61E5-47B2-A552-B4FD6E17F9F4}.Debug|Any CPU.ActiveCfg = Debug|Any CPU
		{1C4496C4-61E5-47B2-A552-B4FD6E17F9F4}.Debug|Any CPU.Build.0 = Debug|Any CPU
		{1C4496C4-61E5-47B2-A552-B4FD6E17F9F4}.Release|Any CPU.ActiveCfg = Release|Any CPU
		{1C4496C4-61E5-47B2-A552-B4FD6E17F9F4}.Release|Any CPU.Build.0 = Release|Any CPU
		{02646F50-9306-4B0D-84E5-7B782027AFCA}.Debug|Any CPU.ActiveCfg = Debug|Any CPU
		{02646F50-9306-4B0D-84E5-7B782027AFCA}.Debug|Any CPU.Build.0 = Debug|Any CPU
		{02646F50-9306-4B0D-84E5-7B782027AFCA}.Release|Any CPU.ActiveCfg = Release|Any CPU
		{02646F50-9306-4B0D-84E5-7B782027AFCA}.Release|Any CPU.Build.0 = Release|Any CPU
		{5461C969-C620-43BC-A6D9-6106A6804B1D}.Debug|Any CPU.ActiveCfg = Debug|Any CPU
		{5461C969-C620-43BC-A6D9-6106A6804B1D}.Debug|Any CPU.Build.0 = Debug|Any CPU
		{5461C969-C620-43BC-A6D9-6106A6804B1D}.Release|Any CPU.ActiveCfg = Release|Any CPU
		{5461C969-C620-43BC-A6D9-6106A6804B1D}.Release|Any CPU.Build.0 = Release|Any CPU
	EndGlobalSection
	GlobalSection(SolutionProperties) = preSolution
		HideSolutionNode = FALSE
	EndGlobalSection
	GlobalSection(NestedProjects) = preSolution
		{1C4496C4-61E5-47B2-A552-B4FD6E17F9F4} = {71617D85-2C79-480A-BD31-643CFE90E305}
		{02646F50-9306-4B0D-84E5-7B782027AFCA} = {304B4E9F-4795-43AF-848E-4045F4113276}
		{5461C969-C620-43BC-A6D9-6106A6804B1D} = {304B4E9F-4795-43AF-848E-4045F4113276}
	EndGlobalSection
	GlobalSection(ExtensibilityGlobals) = postSolution
		SolutionGuid = {5AB26FC8-FDCD-49F5-A2BC-37456D5056A2}
	EndGlobalSection
EndGlobal
